
Microsoft Visual Studio Solution File, Format Version 12.00
# Visual Studio Version 16
VisualStudioVersion = 16.0.31410.357
MinimumVisualStudioVersion = 10.0.40219.1
Project("{FAE04EC0-301F-11D3-BF4B-00C04F79EFBC}") = "TratamentoErros", "TratamentoErros.csproj", "{2A895E71-7795-4D58-A80A-6D9A04AF80B2}"
EndProject
Global
	GlobalSection(SolutionConfigurationPlatforms) = preSolution
		Debug|Any CPU = Debug|Any CPU
		Release|Any CPU = Release|Any CPU
	EndGlobalSection
	GlobalSection(ProjectConfigurationPlatforms) = postSolution
		{2A895E71-7795-4D58-A80A-6D9A04AF80B2}.Debug|Any CPU.ActiveCfg = Debug|Any CPU
		{2A895E71-7795-4D58-A80A-6D9A04AF80B2}.Debug|Any CPU.Build.0 = Debug|Any CPU
		{2A895E71-7795-4D58-A80A-6D9A04AF80B2}.Release|Any CPU.ActiveCfg = Release|Any CPU
		{2A895E71-7795-4D58-A80A-6D9A04AF80B2}.Release|Any CPU.Build.0 = Release|Any CPU
	EndGlobalSection
	GlobalSection(SolutionProperties) = preSolution
		HideSolutionNode = FALSE
	EndGlobalSection
	GlobalSection(ExtensibilityGlobals) = postSolution
		SolutionGuid = {1A491835-6A69-4951-957A-AC7579D47168}
	EndGlobalSection
EndGlobal
